<Solution>
  <Project Path="task1/task1.csproj" Id="94e3ed23-3d24-43d6-af23-aa1eea2246da" />
  <Project Path="task2/task2.csproj" Id="543b73cd-90d4-4697-94a8-45371ea8a1a5" />
  <Project Path="task3/task3.csproj" Id="e88ed055-b451-4890-9237-9274ab203c15" />
  <Project Path="task4/task4.csproj" Id="cbed47f7-e542-4cdb-9c0a-7c629dad5cc8" />
  <Project Path="task5/task5.csproj" Id="c700621e-e44c-4232-9514-f2a62ab06f33" />
</Solution>
